
Microsoft Visual Studio Solution File, Format Version 12.00
# Visual Studio Version 17
VisualStudioVersion = 17.7.34202.233
MinimumVisualStudioVersion = 10.0.40219.1
Project("{FAE04EC0-301F-11D3-BF4B-00C04F79EFBC}") = "Vilcu_Ana_Lab1", "Vilcu_Ana_Lab1.csproj", "{B0F94E85-8756-49F7-8C76-E1C119D12520}"
EndProject
Global
	GlobalSection(SolutionConfigurationPlatforms) = preSolution
		Debug|Any CPU = Debug|Any CPU
		Release|Any CPU = Release|Any CPU
	EndGlobalSection
	GlobalSection(ProjectConfigurationPlatforms) = postSolution
		{B0F94E85-8756-49F7-8C76-E1C119D12520}.Debug|Any CPU.ActiveCfg = Debug|Any CPU
		{B0F94E85-8756-49F7-8C76-E1C119D12520}.Debug|Any CPU.Build.0 = Debug|Any CPU
		{B0F94E85-8756-49F7-8C76-E1C119D12520}.Release|Any CPU.ActiveCfg = Release|Any CPU
		{B0F94E85-8756-49F7-8C76-E1C119D12520}.Release|Any CPU.Build.0 = Release|Any CPU
	EndGlobalSection
	GlobalSection(SolutionProperties) = preSolution
		HideSolutionNode = FALSE
	EndGlobalSection
	GlobalSection(ExtensibilityGlobals) = postSolution
		SolutionGuid = {88F36A4F-9301-4B6B-A1B0-E2FB4A864C68}
	EndGlobalSection
EndGlobal
